# THIS IS AN AUTOGENERATED FILE. DO NOT EDIT THIS FILE DIRECTLY.
# yarn lockfile v1


axios@^0.21.1:
  version "0.21.4"
  resolved "https://registry.npmjs.org/axios/-/axios-0.21.4.tgz"
  integrity sha512-ut5vewkiu8jjGBdqpM44XxjuCjq9LAKeHVmoVfHVzy8eHgxxq8SbAVQNovDA8mVi05kP0Ea/n/UzcSHcTJQfNg==
  dependencies:
    follow-redirects "^1.14.0"

cau.ac.kr@^1.2.5:
  version "1.2.5"
  resolved "https://registry.npmjs.org/cau.ac.kr/-/cau.ac.kr-1.2.5.tgz"
  integrity sha512-QlWihE26gpNtjRt5VjTSkZZxlyBk8ESqptvRGGsqrxi3iZWk71k1bR3r59FSVn9JCJ4aY8WKhBDE3PHqeiQqqg==
  dependencies:
    axios "^0.21.1"
    commander "^5.1.0"
    csv-stringify "^5.5.0"
    decode-html "^2.0.0"
    html-entities "^1.3.1"

commander@^5.1.0:
  version "5.1.0"
  resolved "https://registry.npmjs.org/commander/-/commander-5.1.0.tgz"
  integrity sha512-P0CysNDQ7rtVw4QIQtm+MRxV66vKFSvlsQvGYXZWR3qFU0jlMKHZZZgw8e+8DSah4UDKMqnknRDQz+xuQXQ/Zg==

csv-stringify@^5.5.0:
  version "5.6.5"
  resolved "https://registry.npmjs.org/csv-stringify/-/csv-stringify-5.6.5.tgz"
  integrity sha512-PjiQ659aQ+fUTQqSrd1XEDnOr52jh30RBurfzkscaE2tPaFsDH5wOAHJiw8XAHphRknCwMUE9KRayc4K/NbO8A==

decode-html@^2.0.0:
  version "2.0.0"
  resolved "https://registry.npmjs.org/decode-html/-/decode-html-2.0.0.tgz"
  integrity sha512-lVJ+EBozhAXA2nSQG+xAgcD0P5K3uejnIIvM09uoQfS8AALkQ+HhHcEUvKovXi0EIpIZWjm0y8X7ULjaJpgY9w==

follow-redirects@^1.14.0:
  version "1.15.11"
  resolved "https://registry.npmjs.org/follow-redirects/-/follow-redirects-1.15.11.tgz"
  integrity sha512-deG2P0JfjrTxl50XGCDyfI97ZGVCxIpfKYmfyrQ54n5FO/0gfIES8C/Psl6kWVDolizcaaxZJnTS0QSMxvnsBQ==

html-entities@^1.3.1:
  version "1.4.0"
  resolved "https://registry.npmjs.org/html-entities/-/html-entities-1.4.0.tgz"
  integrity sha512-8nxjcBcd8wovbeKx7h3wTji4e6+rhaVuPNpMqwWgnHh+N9ToqsCs6XztWRBPQ+UtzsoMAdKZtUENoVzU/EMtZA==
